
Microsoft Visual Studio Solution File, Format Version 12.00
# Visual Studio Version 17
VisualStudioVersion = 17.10.35122.118
MinimumVisualStudioVersion = 10.0.40219.1
Project("{FAE04EC0-301F-11D3-BF4B-00C04F79EFBC}") = "SANA", "SANA\SANA.csproj", "{FDA26A7E-B134-4C05-BDF1-1BA1BB4F7698}"
EndProject
Global
	GlobalSection(SolutionConfigurationPlatforms) = preSolution
		Debug|Any CPU = Debug|Any CPU
		Release|Any CPU = Release|Any CPU
	EndGlobalSection
	GlobalSection(ProjectConfigurationPlatforms) = postSolution
		{FDA26A7E-B134-4C05-BDF1-1BA1BB4F7698}.Debug|Any CPU.ActiveCfg = Debug|Any CPU
		{FDA26A7E-B134-4C05-BDF1-1BA1BB4F7698}.Debug|Any CPU.Build.0 = Debug|Any CPU
		{FDA26A7E-B134-4C05-BDF1-1BA1BB4F7698}.Release|Any CPU.ActiveCfg = Release|Any CPU
		{FDA26A7E-B134-4C05-BDF1-1BA1BB4F7698}.Release|Any CPU.Build.0 = Release|Any CPU
	EndGlobalSection
	GlobalSection(SolutionProperties) = preSolution
		HideSolutionNode = FALSE
	EndGlobalSection
	GlobalSection(ExtensibilityGlobals) = postSolution
		SolutionGuid = {A9AC170E-3C27-42D7-A9EB-8DD154A8BFD2}
	EndGlobalSection
EndGlobal
